
Microsoft Visual Studio Solution File, Format Version 12.00
# Visual Studio Version 17
VisualStudioVersion = 17.3.32811.315
MinimumVisualStudioVersion = 10.0.40219.1
Project("{FAE04EC0-301F-11D3-BF4B-00C04F79EFBC}") = "Markind.Siat", "Markind.Siat.csproj", "{88B71E20-9EFE-4ED5-9DDA-6B8E028F3E40}"
EndProject
Global
	GlobalSection(SolutionConfigurationPlatforms) = preSolution
		Debug|Any CPU = Debug|Any CPU
		Release|Any CPU = Release|Any CPU
	EndGlobalSection
	GlobalSection(ProjectConfigurationPlatforms) = postSolution
		{88B71E20-9EFE-4ED5-9DDA-6B8E028F3E40}.Debug|Any CPU.ActiveCfg = Debug|Any CPU
		{88B71E20-9EFE-4ED5-9DDA-6B8E028F3E40}.Debug|Any CPU.Build.0 = Debug|Any CPU
		{88B71E20-9EFE-4ED5-9DDA-6B8E028F3E40}.Release|Any CPU.ActiveCfg = Release|Any CPU
		{88B71E20-9EFE-4ED5-9DDA-6B8E028F3E40}.Release|Any CPU.Build.0 = Release|Any CPU
	EndGlobalSection
	GlobalSection(SolutionProperties) = preSolution
		HideSolutionNode = FALSE
	EndGlobalSection
	GlobalSection(ExtensibilityGlobals) = postSolution
		SolutionGuid = {85B709EC-639D-49AE-A70B-683692976FC4}
	EndGlobalSection
EndGlobal
